
Microsoft Visual Studio Solution File, Format Version 12.00
# Visual Studio Version 16
VisualStudioVersion = 16.0.28315.86
MinimumVisualStudioVersion = 10.0.40219.1
Project("{2150E333-8FDC-42A3-9474-1A3956D46DE8}") = "Engine", "Engine", "{841F06D0-0532-496A-9246-E26F2D7C1A02}"
EndProject
Project("{2150E333-8FDC-42A3-9474-1A3956D46DE8}") = "Games", "Games", "{100BAE70-832E-4D29-805F-D79FFB915B97}"
EndProject
Project("{8BC9CEB8-8B4A-11D0-8D11-00A0C91BC942}") = "UE4", "Intermediate\ProjectFiles\UE4.vcxproj", "{CC86593E-05CC-452A-8DB9-7D91BC946512}"
EndProject
Project("{8BC9CEB8-8B4A-11D0-8D11-00A0C91BC942}") = "Pgr", "Intermediate\ProjectFiles\Pgr.vcxproj", "{FBCC7EF5-1D21-49D2-A699-DFB59711309F}"
EndProject
Project("{2150E333-8FDC-42A3-9474-1A3956D46DE8}") = "Visualizers", "Visualizers", "{C53E3BD3-CEB2-4F10-AE97-07F9E4C8C2A2}"
	ProjectSection(SolutionItems) = preProject
		..\..\Program Files\Epic Games\UE_4.23\Engine\Extras\VisualStudioDebugging\UE4.natvis = ..\..\Program Files\Epic Games\UE_4.23\Engine\Extras\VisualStudioDebugging\UE4.natvis
	EndProjectSection
EndProject
Global
	GlobalSection(SolutionConfigurationPlatforms) = preSolution
		DebugGame Editor|Android = DebugGame Editor|Android
		DebugGame Editor|IOS = DebugGame Editor|IOS
		DebugGame Editor|Win32 = DebugGame Editor|Win32
		DebugGame Editor|Win64 = DebugGame Editor|Win64
		DebugGame|Android = DebugGame|Android
		DebugGame|IOS = DebugGame|IOS
		DebugGame|Win32 = DebugGame|Win32
		DebugGame|Win64 = DebugGame|Win64
		Development Editor|Android = Development Editor|Android
		Development Editor|IOS = Development Editor|IOS
		Development Editor|Win32 = Development Editor|Win32
		Development Editor|Win64 = Development Editor|Win64
		Development|Android = Development|Android
		Development|IOS = Development|IOS
		Development|Win32 = Development|Win32
		Development|Win64 = Development|Win64
		Shipping|Android = Shipping|Android
		Shipping|IOS = Shipping|IOS
		Shipping|Win32 = Shipping|Win32
		Shipping|Win64 = Shipping|Win64
	EndGlobalSection
	GlobalSection(ProjectConfigurationPlatforms) = postSolution
		{CC86593E-05CC-452A-8DB9-7D91BC946512}.DebugGame Editor|Android.ActiveCfg = BuiltWithUnrealBuildTool|Win32
		{CC86593E-05CC-452A-8DB9-7D91BC946512}.DebugGame Editor|IOS.ActiveCfg = BuiltWithUnrealBuildTool|Win32
		{CC86593E-05CC-452A-8DB9-7D91BC946512}.DebugGame Editor|Win32.ActiveCfg = BuiltWithUnrealBuildTool|Win32
		{CC86593E-05CC-452A-8DB9-7D91BC946512}.DebugGame Editor|Win64.ActiveCfg = BuiltWithUnrealBuildTool|Win32
		{CC86593E-05CC-452A-8DB9-7D91BC946512}.DebugGame|Android.ActiveCfg = BuiltWithUnrealBuildTool|Win32
		{CC86593E-05CC-452A-8DB9-7D91BC946512}.DebugGame|IOS.ActiveCfg = BuiltWithUnrealBuildTool|Win32
		{CC86593E-05CC-452A-8DB9-7D91BC946512}.DebugGame|Win32.ActiveCfg = BuiltWithUnrealBuildTool|Win32
		{CC86593E-05CC-452A-8DB9-7D91BC946512}.DebugGame|Win64.ActiveCfg = BuiltWithUnrealBuildTool|Win32
		{CC86593E-05CC-452A-8DB9-7D91BC946512}.Development Editor|Android.ActiveCfg = BuiltWithUnrealBuildTool|Win32
		{CC86593E-05CC-452A-8DB9-7D91BC946512}.Development Editor|IOS.ActiveCfg = BuiltWithUnrealBuildTool|Win32
		{CC86593E-05CC-452A-8DB9-7D91BC946512}.Development Editor|Win32.ActiveCfg = BuiltWithUnrealBuildTool|Win32
		{CC86593E-05CC-452A-8DB9-7D91BC946512}.Development Editor|Win64.ActiveCfg = BuiltWithUnrealBuildTool|Win32
		{CC86593E-05CC-452A-8DB9-7D91BC946512}.Development|Android.ActiveCfg = BuiltWithUnrealBuildTool|Win32
		{CC86593E-05CC-452A-8DB9-7D91BC946512}.Development|IOS.ActiveCfg = BuiltWithUnrealBuildTool|Win32
		{CC86593E-05CC-452A-8DB9-7D91BC946512}.Development|Win32.ActiveCfg = BuiltWithUnrealBuildTool|Win32
		{CC86593E-05CC-452A-8DB9-7D91BC946512}.Development|Win64.ActiveCfg = BuiltWithUnrealBuildTool|Win32
		{CC86593E-05CC-452A-8DB9-7D91BC946512}.Shipping|Android.ActiveCfg = BuiltWithUnrealBuildTool|Win32
		{CC86593E-05CC-452A-8DB9-7D91BC946512}.Shipping|IOS.ActiveCfg = BuiltWithUnrealBuildTool|Win32
		{CC86593E-05CC-452A-8DB9-7D91BC946512}.Shipping|Win32.ActiveCfg = BuiltWithUnrealBuildTool|Win32
		{CC86593E-05CC-452A-8DB9-7D91BC946512}.Shipping|Win64.ActiveCfg = BuiltWithUnrealBuildTool|Win32
		{FBCC7EF5-1D21-49D2-A699-DFB59711309F}.DebugGame Editor|Android.ActiveCfg = Invalid|Win32
		{FBCC7EF5-1D21-49D2-A699-DFB59711309F}.DebugGame Editor|IOS.ActiveCfg = Invalid|Win32
		{FBCC7EF5-1D21-49D2-A699-DFB59711309F}.DebugGame Editor|Win32.ActiveCfg = Invalid|Win32
		{FBCC7EF5-1D21-49D2-A699-DFB59711309F}.DebugGame Editor|Win64.ActiveCfg = DebugGame_Editor|x64
		{FBCC7EF5-1D21-49D2-A699-DFB59711309F}.DebugGame Editor|Win64.Build.0 = DebugGame_Editor|x64
		{FBCC7EF5-1D21-49D2-A699-DFB59711309F}.DebugGame|Android.ActiveCfg = Android_DebugGame|Win32
		{FBCC7EF5-1D21-49D2-A699-DFB59711309F}.DebugGame|Android.Build.0 = Android_DebugGame|Win32
		{FBCC7EF5-1D21-49D2-A699-DFB59711309F}.DebugGame|IOS.ActiveCfg = IOS_DebugGame|Win32
		{FBCC7EF5-1D21-49D2-A699-DFB59711309F}.DebugGame|IOS.Build.0 = IOS_DebugGame|Win32
		{FBCC7EF5-1D21-49D2-A699-DFB59711309F}.DebugGame|Win32.ActiveCfg = DebugGame|Win32
		{FBCC7EF5-1D21-49D2-A699-DFB59711309F}.DebugGame|Win32.Build.0 = DebugGame|Win32
		{FBCC7EF5-1D21-49D2-A699-DFB59711309F}.DebugGame|Win64.ActiveCfg = DebugGame|x64
		{FBCC7EF5-1D21-49D2-A699-DFB59711309F}.DebugGame|Win64.Build.0 = DebugGame|x64
		{FBCC7EF5-1D21-49D2-A699-DFB59711309F}.Development Editor|Android.ActiveCfg = Invalid|Win32
		{FBCC7EF5-1D21-49D2-A699-DFB59711309F}.Development Editor|IOS.ActiveCfg = Invalid|Win32
		{FBCC7EF5-1D21-49D2-A699-DFB59711309F}.Development Editor|Win32.ActiveCfg = Invalid|Win32
		{FBCC7EF5-1D21-49D2-A699-DFB59711309F}.Development Editor|Win64.ActiveCfg = Development_Editor|x64
		{FBCC7EF5-1D21-49D2-A699-DFB59711309F}.Development Editor|Win64.Build.0 = Development_Editor|x64
		{FBCC7EF5-1D21-49D2-A699-DFB59711309F}.Development|Android.ActiveCfg = Android_Development|Win32
		{FBCC7EF5-1D21-49D2-A699-DFB59711309F}.Development|Android.Build.0 = Android_Development|Win32
		{FBCC7EF5-1D21-49D2-A699-DFB59711309F}.Development|IOS.ActiveCfg = IOS_Development|Win32
		{FBCC7EF5-1D21-49D2-A699-DFB59711309F}.Development|IOS.Build.0 = IOS_Development|Win32
		{FBCC7EF5-1D21-49D2-A699-DFB59711309F}.Development|Win32.ActiveCfg = Development|Win32
		{FBCC7EF5-1D21-49D2-A699-DFB59711309F}.Development|Win32.Build.0 = Development|Win32
		{FBCC7EF5-1D21-49D2-A699-DFB59711309F}.Development|Win64.ActiveCfg = Development|x64
		{FBCC7EF5-1D21-49D2-A699-DFB59711309F}.Development|Win64.Build.0 = Development|x64
		{FBCC7EF5-1D21-49D2-A699-DFB59711309F}.Shipping|Android.ActiveCfg = Android_Shipping|Win32
		{FBCC7EF5-1D21-49D2-A699-DFB59711309F}.Shipping|Android.Build.0 = Android_Shipping|Win32
		{FBCC7EF5-1D21-49D2-A699-DFB59711309F}.Shipping|IOS.ActiveCfg = IOS_Shipping|Win32
		{FBCC7EF5-1D21-49D2-A699-DFB59711309F}.Shipping|IOS.Build.0 = IOS_Shipping|Win32
		{FBCC7EF5-1D21-49D2-A699-DFB59711309F}.Shipping|Win32.ActiveCfg = Shipping|Win32
		{FBCC7EF5-1D21-49D2-A699-DFB59711309F}.Shipping|Win32.Build.0 = Shipping|Win32
		{FBCC7EF5-1D21-49D2-A699-DFB59711309F}.Shipping|Win64.ActiveCfg = Shipping|x64
		{FBCC7EF5-1D21-49D2-A699-DFB59711309F}.Shipping|Win64.Build.0 = Shipping|x64
	EndGlobalSection
	GlobalSection(SolutionProperties) = preSolution
		HideSolutionNode = FALSE
	EndGlobalSection
	GlobalSection(NestedProjects) = preSolution
		{CC86593E-05CC-452A-8DB9-7D91BC946512} = {841F06D0-0532-496A-9246-E26F2D7C1A02}
		{FBCC7EF5-1D21-49D2-A699-DFB59711309F} = {100BAE70-832E-4D29-805F-D79FFB915B97}
	EndGlobalSection
EndGlobal
