
Microsoft Visual Studio Solution File, Format Version 12.00
# Visual Studio Version 16
VisualStudioVersion = 16.0.28315.86
MinimumVisualStudioVersion = 10.0.40219.1
Project("{2150E333-8FDC-42A3-9474-1A3956D46DE8}") = "Engine", "Engine", "{F757B07F-DE32-4A2F-BCE8-FF51AFB72C11}"
EndProject
Project("{2150E333-8FDC-42A3-9474-1A3956D46DE8}") = "Games", "Games", "{3261081F-62E6-4F81-8634-A040B765CA3C}"
EndProject
Project("{8BC9CEB8-8B4A-11D0-8D11-00A0C91BC942}") = "UE4", "Intermediate\ProjectFiles\UE4.vcxproj", "{536E853A-9A79-4E16-BFD4-6D9D46E89674}"
EndProject
Project("{8BC9CEB8-8B4A-11D0-8D11-00A0C91BC942}") = "Pgr", "Intermediate\ProjectFiles\Pgr.vcxproj", "{5F6C62D2-A47D-402E-945A-401D808B19CC}"
EndProject
Project("{2150E333-8FDC-42A3-9474-1A3956D46DE8}") = "Visualizers", "Visualizers", "{B6254B8A-B5BC-408B-80A4-5EC971D1860F}"
	ProjectSection(SolutionItems) = preProject
		..\..\Program Files\Epic Games\UE_4.23\Engine\Extras\VisualStudioDebugging\UE4.natvis = ..\..\Program Files\Epic Games\UE_4.23\Engine\Extras\VisualStudioDebugging\UE4.natvis
	EndProjectSection
EndProject
Global
	GlobalSection(SolutionConfigurationPlatforms) = preSolution
		DebugGame Editor|Android = DebugGame Editor|Android
		DebugGame Editor|Win32 = DebugGame Editor|Win32
		DebugGame Editor|Win64 = DebugGame Editor|Win64
		DebugGame|Android = DebugGame|Android
		DebugGame|Win32 = DebugGame|Win32
		DebugGame|Win64 = DebugGame|Win64
		Development Editor|Android = Development Editor|Android
		Development Editor|Win32 = Development Editor|Win32
		Development Editor|Win64 = Development Editor|Win64
		Development|Android = Development|Android
		Development|Win32 = Development|Win32
		Development|Win64 = Development|Win64
		Shipping|Android = Shipping|Android
		Shipping|Win32 = Shipping|Win32
		Shipping|Win64 = Shipping|Win64
	EndGlobalSection
	GlobalSection(ProjectConfigurationPlatforms) = postSolution
		{536E853A-9A79-4E16-BFD4-6D9D46E89674}.DebugGame Editor|Android.ActiveCfg = BuiltWithUnrealBuildTool|Win32
		{536E853A-9A79-4E16-BFD4-6D9D46E89674}.DebugGame Editor|Win32.ActiveCfg = BuiltWithUnrealBuildTool|Win32
		{536E853A-9A79-4E16-BFD4-6D9D46E89674}.DebugGame Editor|Win64.ActiveCfg = BuiltWithUnrealBuildTool|Win32
		{536E853A-9A79-4E16-BFD4-6D9D46E89674}.DebugGame|Android.ActiveCfg = BuiltWithUnrealBuildTool|Win32
		{536E853A-9A79-4E16-BFD4-6D9D46E89674}.DebugGame|Win32.ActiveCfg = BuiltWithUnrealBuildTool|Win32
		{536E853A-9A79-4E16-BFD4-6D9D46E89674}.DebugGame|Win64.ActiveCfg = BuiltWithUnrealBuildTool|Win32
		{536E853A-9A79-4E16-BFD4-6D9D46E89674}.Development Editor|Android.ActiveCfg = BuiltWithUnrealBuildTool|Win32
		{536E853A-9A79-4E16-BFD4-6D9D46E89674}.Development Editor|Win32.ActiveCfg = BuiltWithUnrealBuildTool|Win32
		{536E853A-9A79-4E16-BFD4-6D9D46E89674}.Development Editor|Win64.ActiveCfg = BuiltWithUnrealBuildTool|Win32
		{536E853A-9A79-4E16-BFD4-6D9D46E89674}.Development|Android.ActiveCfg = BuiltWithUnrealBuildTool|Win32
		{536E853A-9A79-4E16-BFD4-6D9D46E89674}.Development|Win32.ActiveCfg = BuiltWithUnrealBuildTool|Win32
		{536E853A-9A79-4E16-BFD4-6D9D46E89674}.Development|Win64.ActiveCfg = BuiltWithUnrealBuildTool|Win32
		{536E853A-9A79-4E16-BFD4-6D9D46E89674}.Shipping|Android.ActiveCfg = BuiltWithUnrealBuildTool|Win32
		{536E853A-9A79-4E16-BFD4-6D9D46E89674}.Shipping|Win32.ActiveCfg = BuiltWithUnrealBuildTool|Win32
		{536E853A-9A79-4E16-BFD4-6D9D46E89674}.Shipping|Win64.ActiveCfg = BuiltWithUnrealBuildTool|Win32
		{5F6C62D2-A47D-402E-945A-401D808B19CC}.DebugGame Editor|Android.ActiveCfg = Invalid|Win32
		{5F6C62D2-A47D-402E-945A-401D808B19CC}.DebugGame Editor|Win32.ActiveCfg = Invalid|Win32
		{5F6C62D2-A47D-402E-945A-401D808B19CC}.DebugGame Editor|Win64.ActiveCfg = DebugGame_Editor|x64
		{5F6C62D2-A47D-402E-945A-401D808B19CC}.DebugGame Editor|Win64.Build.0 = DebugGame_Editor|x64
		{5F6C62D2-A47D-402E-945A-401D808B19CC}.DebugGame|Android.ActiveCfg = Android_DebugGame|Win32
		{5F6C62D2-A47D-402E-945A-401D808B19CC}.DebugGame|Android.Build.0 = Android_DebugGame|Win32
		{5F6C62D2-A47D-402E-945A-401D808B19CC}.DebugGame|Win32.ActiveCfg = DebugGame|Win32
		{5F6C62D2-A47D-402E-945A-401D808B19CC}.DebugGame|Win32.Build.0 = DebugGame|Win32
		{5F6C62D2-A47D-402E-945A-401D808B19CC}.DebugGame|Win64.ActiveCfg = DebugGame|x64
		{5F6C62D2-A47D-402E-945A-401D808B19CC}.DebugGame|Win64.Build.0 = DebugGame|x64
		{5F6C62D2-A47D-402E-945A-401D808B19CC}.Development Editor|Android.ActiveCfg = Invalid|Win32
		{5F6C62D2-A47D-402E-945A-401D808B19CC}.Development Editor|Win32.ActiveCfg = Invalid|Win32
		{5F6C62D2-A47D-402E-945A-401D808B19CC}.Development Editor|Win64.ActiveCfg = Development_Editor|x64
		{5F6C62D2-A47D-402E-945A-401D808B19CC}.Development Editor|Win64.Build.0 = Development_Editor|x64
		{5F6C62D2-A47D-402E-945A-401D808B19CC}.Development|Android.ActiveCfg = Android_Development|Win32
		{5F6C62D2-A47D-402E-945A-401D808B19CC}.Development|Android.Build.0 = Android_Development|Win32
		{5F6C62D2-A47D-402E-945A-401D808B19CC}.Development|Win32.ActiveCfg = Development|Win32
		{5F6C62D2-A47D-402E-945A-401D808B19CC}.Development|Win32.Build.0 = Development|Win32
		{5F6C62D2-A47D-402E-945A-401D808B19CC}.Development|Win64.ActiveCfg = Development|x64
		{5F6C62D2-A47D-402E-945A-401D808B19CC}.Development|Win64.Build.0 = Development|x64
		{5F6C62D2-A47D-402E-945A-401D808B19CC}.Shipping|Android.ActiveCfg = Android_Shipping|Win32
		{5F6C62D2-A47D-402E-945A-401D808B19CC}.Shipping|Android.Build.0 = Android_Shipping|Win32
		{5F6C62D2-A47D-402E-945A-401D808B19CC}.Shipping|Win32.ActiveCfg = Shipping|Win32
		{5F6C62D2-A47D-402E-945A-401D808B19CC}.Shipping|Win32.Build.0 = Shipping|Win32
		{5F6C62D2-A47D-402E-945A-401D808B19CC}.Shipping|Win64.ActiveCfg = Shipping|x64
		{5F6C62D2-A47D-402E-945A-401D808B19CC}.Shipping|Win64.Build.0 = Shipping|x64
	EndGlobalSection
	GlobalSection(SolutionProperties) = preSolution
		HideSolutionNode = FALSE
	EndGlobalSection
	GlobalSection(NestedProjects) = preSolution
		{536E853A-9A79-4E16-BFD4-6D9D46E89674} = {F757B07F-DE32-4A2F-BCE8-FF51AFB72C11}
		{5F6C62D2-A47D-402E-945A-401D808B19CC} = {3261081F-62E6-4F81-8634-A040B765CA3C}
	EndGlobalSection
EndGlobal
